
Microsoft Visual Studio Solution File, Format Version 12.00
# Visual Studio Version 17
VisualStudioVersion = 17.11.35219.272
MinimumVisualStudioVersion = 10.0.40219.1
Project("{FAE04EC0-301F-11D3-BF4B-00C04F79EFBC}") = "TaskManager.Reports.Abstractions", "TaskManager.Reports.Abstractions\TaskManager.Reports.Abstractions.csproj", "{C20CFB39-C679-465F-8CC9-A9DDD45EA169}"
EndProject
Project("{FAE04EC0-301F-11D3-BF4B-00C04F79EFBC}") = "TaskManager.Reports.Core", "TaskManager.Reports.Core\TaskManager.Reports.Core.csproj", "{D663853B-BBB7-491B-AFF1-71D25A78D79D}"
EndProject
Project("{FAE04EC0-301F-11D3-BF4B-00C04F79EFBC}") = "TaskManager.Reports.Mvc", "TaskManager.Reports.Mvc\TaskManager.Reports.Mvc.csproj", "{FBE628D9-972C-4E66-81CD-93DFE6F42094}"
EndProject
Global
	GlobalSection(SolutionConfigurationPlatforms) = preSolution
		Debug|Any CPU = Debug|Any CPU
		Release|Any CPU = Release|Any CPU
	EndGlobalSection
	GlobalSection(ProjectConfigurationPlatforms) = postSolution
		{C20CFB39-C679-465F-8CC9-A9DDD45EA169}.Debug|Any CPU.ActiveCfg = Debug|Any CPU
		{C20CFB39-C679-465F-8CC9-A9DDD45EA169}.Debug|Any CPU.Build.0 = Debug|Any CPU
		{C20CFB39-C679-465F-8CC9-A9DDD45EA169}.Release|Any CPU.ActiveCfg = Release|Any CPU
		{C20CFB39-C679-465F-8CC9-A9DDD45EA169}.Release|Any CPU.Build.0 = Release|Any CPU
		{D663853B-BBB7-491B-AFF1-71D25A78D79D}.Debug|Any CPU.ActiveCfg = Debug|Any CPU
		{D663853B-BBB7-491B-AFF1-71D25A78D79D}.Debug|Any CPU.Build.0 = Debug|Any CPU
		{D663853B-BBB7-491B-AFF1-71D25A78D79D}.Release|Any CPU.ActiveCfg = Release|Any CPU
		{D663853B-BBB7-491B-AFF1-71D25A78D79D}.Release|Any CPU.Build.0 = Release|Any CPU
		{FBE628D9-972C-4E66-81CD-93DFE6F42094}.Debug|Any CPU.ActiveCfg = Debug|Any CPU
		{FBE628D9-972C-4E66-81CD-93DFE6F42094}.Debug|Any CPU.Build.0 = Debug|Any CPU
		{FBE628D9-972C-4E66-81CD-93DFE6F42094}.Release|Any CPU.ActiveCfg = Release|Any CPU
		{FBE628D9-972C-4E66-81CD-93DFE6F42094}.Release|Any CPU.Build.0 = Release|Any CPU
	EndGlobalSection
	GlobalSection(SolutionProperties) = preSolution
		HideSolutionNode = FALSE
	EndGlobalSection
	GlobalSection(ExtensibilityGlobals) = postSolution
		SolutionGuid = {B6415B97-AF4A-47BA-B108-CB215AE4A5E3}
	EndGlobalSection
EndGlobal
